
Microsoft Visual Studio Solution File, Format Version 12.00
# Visual Studio Version 17
VisualStudioVersion = 17.6.33723.286
MinimumVisualStudioVersion = 10.0.40219.1
Project("{9A19103F-16F7-4668-BE54-9A1E7A4F7556}") = "ChatbotCSharp", "ChatbotC#\ChatbotCSharp.csproj", "{DB277527-4097-447C-9B39-2AD7109B9688}"
EndProject
Project("{2150E333-8FDC-42A3-9474-1A3956D46DE8}") = "botEmulator", "botEmulator", "{022F4D2D-6C9C-4BE4-A51A-87C29BC08C5E}"
	ProjectSection(SolutionItems) = preProject
		string.cs = string.cs
	EndProjectSection
EndProject
Global
	GlobalSection(SolutionConfigurationPlatforms) = preSolution
		Debug|Any CPU = Debug|Any CPU
		Release|Any CPU = Release|Any CPU
	EndGlobalSection
	GlobalSection(ProjectConfigurationPlatforms) = postSolution
		{DB277527-4097-447C-9B39-2AD7109B9688}.Debug|Any CPU.ActiveCfg = Debug|Any CPU
		{DB277527-4097-447C-9B39-2AD7109B9688}.Debug|Any CPU.Build.0 = Debug|Any CPU
		{DB277527-4097-447C-9B39-2AD7109B9688}.Release|Any CPU.ActiveCfg = Release|Any CPU
		{DB277527-4097-447C-9B39-2AD7109B9688}.Release|Any CPU.Build.0 = Release|Any CPU
	EndGlobalSection
	GlobalSection(SolutionProperties) = preSolution
		HideSolutionNode = FALSE
	EndGlobalSection
	GlobalSection(ExtensibilityGlobals) = postSolution
		SolutionGuid = {A19EB8F7-8324-4CA6-B5B1-C74A6514325D}
	EndGlobalSection
EndGlobal
